{
  "nodes": {
    "nixpkgs": {
      "locked": {
        "lastModified": 1641593416,
        "narHash": "sha256-Vn/vqQtYnVuZlbGGO0gSzLjmtFwb6OPvakwyoG1D/MY=",
        "owner": "NixOS",
        "repo": "nixpkgs",
        "rev": "36480448d470bf41bb21267cf9062a1542c4a95f",
        "type": "github"
      },
      "original": {
        "owner": "NixOS",
        "ref": "nixos-21.11",
        "repo": "nixpkgs",
        "type": "github"
      }
    },
    "node2nix": {
      "flake": false,
      "locked": {
        "lastModified": 1636910206,
        "narHash": "sha256-X2nKVfx053NP7Gxir/NmQRNUoga7RxO//PFPN8rGuI0=",
        "owner": "svanderburg",
        "repo": "node2nix",
        "rev": "0deb18a0b62669e62f34cd60286f38f4ac4bf0e8",
        "type": "github"
      },
      "original": {
        "owner": "svanderburg",
        "repo": "node2nix",
        "type": "github"
      }
    },
    "root": {
      "inputs": {
        "nixpkgs": "nixpkgs",
        "node2nix": "node2nix"
      }
    }
  },
  "root": "root",
  "version": 7
}
